
Microsoft Visual Studio Solution File, Format Version 12.00
# Visual Studio Version 16
VisualStudioVersion = 16.0.29709.97
MinimumVisualStudioVersion = 10.0.40219.1
Project("{FAE04EC0-301F-11D3-BF4B-00C04F79EFBC}") = "OnlineAppleShoppingStore.Web", "OnlineAppleShoppingStore.Web\OnlineAppleShoppingStore.Web.csproj", "{345C73DB-FCC4-4420-8742-66824E0A76FD}"
EndProject
Project("{FAE04EC0-301F-11D3-BF4B-00C04F79EFBC}") = "OnlineAppleShoppingStore.Web.Tests", "OnlineAppleShoppingStore.Web.Tests\OnlineAppleShoppingStore.Web.Tests.csproj", "{E4A49825-FF43-45C2-B60D-4EFAEDF37E54}"
EndProject
Project("{FAE04EC0-301F-11D3-BF4B-00C04F79EFBC}") = "OnlineAppleShoppingStore.Entities", "OnlineAppleShoppingStore.Entities\OnlineAppleShoppingStore.Entities.csproj", "{F325EDA0-AD16-48D9-A6E6-E526D95FBBBD}"
EndProject
Project("{FAE04EC0-301F-11D3-BF4B-00C04F79EFBC}") = "OnlineAppleShoppingStore.Contracts", "OnlineAppleShoppingStore.Contracts\OnlineAppleShoppingStore.Contracts.csproj", "{C0763F70-AB8D-4881-B69A-B401425C4157}"
EndProject
Project("{FAE04EC0-301F-11D3-BF4B-00C04F79EFBC}") = "OnlineAppleShoppingStore.Repositories", "OnlineAppleShoppingStore.Repositories\OnlineAppleShoppingStore.Repositories.csproj", "{956F0AC4-B6F8-495B-971A-EC8610B9750A}"
EndProject
Project("{FAE04EC0-301F-11D3-BF4B-00C04F79EFBC}") = "OnlineAppleShoppingStore.Logger", "OnlineAppleShoppingStore.Logger\OnlineAppleShoppingStore.Logger.csproj", "{40AF65F7-C066-4422-B1BD-5C9DD9249C1F}"
EndProject
Project("{FAE04EC0-301F-11D3-BF4B-00C04F79EFBC}") = "OnlineAppleShoppingStoreAuth.Entities", "OnlineAppleShoppingStoreAuth.Entities\OnlineAppleShoppingStoreAuth.Entities.csproj", "{7B110F65-D5BB-400B-B533-42CF22DC55E4}"
EndProject
Global
	GlobalSection(SolutionConfigurationPlatforms) = preSolution
		Debug|Any CPU = Debug|Any CPU
		Release|Any CPU = Release|Any CPU
	EndGlobalSection
	GlobalSection(ProjectConfigurationPlatforms) = postSolution
		{345C73DB-FCC4-4420-8742-66824E0A76FD}.Debug|Any CPU.ActiveCfg = Debug|Any CPU
		{345C73DB-FCC4-4420-8742-66824E0A76FD}.Debug|Any CPU.Build.0 = Debug|Any CPU
		{345C73DB-FCC4-4420-8742-66824E0A76FD}.Release|Any CPU.ActiveCfg = Release|Any CPU
		{345C73DB-FCC4-4420-8742-66824E0A76FD}.Release|Any CPU.Build.0 = Release|Any CPU
		{E4A49825-FF43-45C2-B60D-4EFAEDF37E54}.Debug|Any CPU.ActiveCfg = Debug|Any CPU
		{E4A49825-FF43-45C2-B60D-4EFAEDF37E54}.Debug|Any CPU.Build.0 = Debug|Any CPU
		{E4A49825-FF43-45C2-B60D-4EFAEDF37E54}.Release|Any CPU.ActiveCfg = Release|Any CPU
		{E4A49825-FF43-45C2-B60D-4EFAEDF37E54}.Release|Any CPU.Build.0 = Release|Any CPU
		{F325EDA0-AD16-48D9-A6E6-E526D95FBBBD}.Debug|Any CPU.ActiveCfg = Debug|Any CPU
		{F325EDA0-AD16-48D9-A6E6-E526D95FBBBD}.Debug|Any CPU.Build.0 = Debug|Any CPU
		{F325EDA0-AD16-48D9-A6E6-E526D95FBBBD}.Release|Any CPU.ActiveCfg = Release|Any CPU
		{F325EDA0-AD16-48D9-A6E6-E526D95FBBBD}.Release|Any CPU.Build.0 = Release|Any CPU
		{C0763F70-AB8D-4881-B69A-B401425C4157}.Debug|Any CPU.ActiveCfg = Debug|Any CPU
		{C0763F70-AB8D-4881-B69A-B401425C4157}.Debug|Any CPU.Build.0 = Debug|Any CPU
		{C0763F70-AB8D-4881-B69A-B401425C4157}.Release|Any CPU.ActiveCfg = Release|Any CPU
		{C0763F70-AB8D-4881-B69A-B401425C4157}.Release|Any CPU.Build.0 = Release|Any CPU
		{956F0AC4-B6F8-495B-971A-EC8610B9750A}.Debug|Any CPU.ActiveCfg = Debug|Any CPU
		{956F0AC4-B6F8-495B-971A-EC8610B9750A}.Debug|Any CPU.Build.0 = Debug|Any CPU
		{956F0AC4-B6F8-495B-971A-EC8610B9750A}.Release|Any CPU.ActiveCfg = Release|Any CPU
		{956F0AC4-B6F8-495B-971A-EC8610B9750A}.Release|Any CPU.Build.0 = Release|Any CPU
		{40AF65F7-C066-4422-B1BD-5C9DD9249C1F}.Debug|Any CPU.ActiveCfg = Debug|Any CPU
		{40AF65F7-C066-4422-B1BD-5C9DD9249C1F}.Debug|Any CPU.Build.0 = Debug|Any CPU
		{40AF65F7-C066-4422-B1BD-5C9DD9249C1F}.Release|Any CPU.ActiveCfg = Release|Any CPU
		{40AF65F7-C066-4422-B1BD-5C9DD9249C1F}.Release|Any CPU.Build.0 = Release|Any CPU
		{7B110F65-D5BB-400B-B533-42CF22DC55E4}.Debug|Any CPU.ActiveCfg = Debug|Any CPU
		{7B110F65-D5BB-400B-B533-42CF22DC55E4}.Debug|Any CPU.Build.0 = Debug|Any CPU
		{7B110F65-D5BB-400B-B533-42CF22DC55E4}.Release|Any CPU.ActiveCfg = Release|Any CPU
		{7B110F65-D5BB-400B-B533-42CF22DC55E4}.Release|Any CPU.Build.0 = Release|Any CPU
	EndGlobalSection
	GlobalSection(SolutionProperties) = preSolution
		HideSolutionNode = FALSE
	EndGlobalSection
	GlobalSection(ExtensibilityGlobals) = postSolution
		SolutionGuid = {5D786159-7173-420D-AD46-383051E36482}
	EndGlobalSection
EndGlobal
